
Microsoft Visual Studio Solution File, Format Version 12.00
# Visual Studio 14
VisualStudioVersion = 14.0.24720.0
MinimumVisualStudioVersion = 10.0.40219.1
Project("{8BC9CEB8-8B4A-11D0-8D11-00A0C91BC942}") = "Homework1_HeightOfChild", "HeightOfChild\HeightOfChild.vcxproj", "{9FE2B6DC-B9F1-465D-A980-B3B91A7DC3FA}"
EndProject
Project("{8BC9CEB8-8B4A-11D0-8D11-00A0C91BC942}") = "Homework1_RockPaperScissors", "Homework1_RockPaperScissors\Homework1_RockPaperScissors.vcxproj", "{64BD9045-A31F-45C6-B57B-800D51CFAAA7}"
EndProject
Project("{8BC9CEB8-8B4A-11D0-8D11-00A0C91BC942}") = "Homework1_DiceGame", "Homework1_DiceGame\Homework1_DiceGame.vcxproj", "{4AE4C123-0253-47AF-9357-C4980A8BB045}"
EndProject
Project("{8BC9CEB8-8B4A-11D0-8D11-00A0C91BC942}") = "Homework1_DuelingDoofuses", "Homework1_DuelingDoofuses\Homework1_DuelingDoofuses.vcxproj", "{29591089-371D-44D5-9190-35A1E197ED02}"
EndProject
Project("{8BC9CEB8-8B4A-11D0-8D11-00A0C91BC942}") = "Homework2_ArrayManipulation", "Homework2_ArrayManipulation\Homework2_ArrayManipulation.vcxproj", "{E337246E-BDD3-437C-A997-6DEA5FDB4A56}"
EndProject
Global
	GlobalSection(SolutionConfigurationPlatforms) = preSolution
		Debug|x64 = Debug|x64
		Debug|x86 = Debug|x86
		Release|x64 = Release|x64
		Release|x86 = Release|x86
	EndGlobalSection
	GlobalSection(ProjectConfigurationPlatforms) = postSolution
		{9FE2B6DC-B9F1-465D-A980-B3B91A7DC3FA}.Debug|x64.ActiveCfg = Debug|x64
		{9FE2B6DC-B9F1-465D-A980-B3B91A7DC3FA}.Debug|x64.Build.0 = Debug|x64
		{9FE2B6DC-B9F1-465D-A980-B3B91A7DC3FA}.Debug|x86.ActiveCfg = Debug|Win32
		{9FE2B6DC-B9F1-465D-A980-B3B91A7DC3FA}.Debug|x86.Build.0 = Debug|Win32
		{9FE2B6DC-B9F1-465D-A980-B3B91A7DC3FA}.Release|x64.ActiveCfg = Release|x64
		{9FE2B6DC-B9F1-465D-A980-B3B91A7DC3FA}.Release|x64.Build.0 = Release|x64
		{9FE2B6DC-B9F1-465D-A980-B3B91A7DC3FA}.Release|x86.ActiveCfg = Release|Win32
		{9FE2B6DC-B9F1-465D-A980-B3B91A7DC3FA}.Release|x86.Build.0 = Release|Win32
		{64BD9045-A31F-45C6-B57B-800D51CFAAA7}.Debug|x64.ActiveCfg = Debug|x64
		{64BD9045-A31F-45C6-B57B-800D51CFAAA7}.Debug|x64.Build.0 = Debug|x64
		{64BD9045-A31F-45C6-B57B-800D51CFAAA7}.Debug|x86.ActiveCfg = Debug|Win32
		{64BD9045-A31F-45C6-B57B-800D51CFAAA7}.Debug|x86.Build.0 = Debug|Win32
		{64BD9045-A31F-45C6-B57B-800D51CFAAA7}.Release|x64.ActiveCfg = Release|x64
		{64BD9045-A31F-45C6-B57B-800D51CFAAA7}.Release|x64.Build.0 = Release|x64
		{64BD9045-A31F-45C6-B57B-800D51CFAAA7}.Release|x86.ActiveCfg = Release|Win32
		{64BD9045-A31F-45C6-B57B-800D51CFAAA7}.Release|x86.Build.0 = Release|Win32
		{4AE4C123-0253-47AF-9357-C4980A8BB045}.Debug|x64.ActiveCfg = Debug|x64
		{4AE4C123-0253-47AF-9357-C4980A8BB045}.Debug|x64.Build.0 = Debug|x64
		{4AE4C123-0253-47AF-9357-C4980A8BB045}.Debug|x86.ActiveCfg = Debug|Win32
		{4AE4C123-0253-47AF-9357-C4980A8BB045}.Debug|x86.Build.0 = Debug|Win32
		{4AE4C123-0253-47AF-9357-C4980A8BB045}.Release|x64.ActiveCfg = Release|x64
		{4AE4C123-0253-47AF-9357-C4980A8BB045}.Release|x64.Build.0 = Release|x64
		{4AE4C123-0253-47AF-9357-C4980A8BB045}.Release|x86.ActiveCfg = Release|Win32
		{4AE4C123-0253-47AF-9357-C4980A8BB045}.Release|x86.Build.0 = Release|Win32
		{29591089-371D-44D5-9190-35A1E197ED02}.Debug|x64.ActiveCfg = Debug|x64
		{29591089-371D-44D5-9190-35A1E197ED02}.Debug|x64.Build.0 = Debug|x64
		{29591089-371D-44D5-9190-35A1E197ED02}.Debug|x86.ActiveCfg = Debug|Win32
		{29591089-371D-44D5-9190-35A1E197ED02}.Debug|x86.Build.0 = Debug|Win32
		{29591089-371D-44D5-9190-35A1E197ED02}.Release|x64.ActiveCfg = Release|x64
		{29591089-371D-44D5-9190-35A1E197ED02}.Release|x64.Build.0 = Release|x64
		{29591089-371D-44D5-9190-35A1E197ED02}.Release|x86.ActiveCfg = Release|Win32
		{29591089-371D-44D5-9190-35A1E197ED02}.Release|x86.Build.0 = Release|Win32
		{E337246E-BDD3-437C-A997-6DEA5FDB4A56}.Debug|x64.ActiveCfg = Debug|x64
		{E337246E-BDD3-437C-A997-6DEA5FDB4A56}.Debug|x64.Build.0 = Debug|x64
		{E337246E-BDD3-437C-A997-6DEA5FDB4A56}.Debug|x86.ActiveCfg = Debug|Win32
		{E337246E-BDD3-437C-A997-6DEA5FDB4A56}.Debug|x86.Build.0 = Debug|Win32
		{E337246E-BDD3-437C-A997-6DEA5FDB4A56}.Release|x64.ActiveCfg = Release|x64
		{E337246E-BDD3-437C-A997-6DEA5FDB4A56}.Release|x64.Build.0 = Release|x64
		{E337246E-BDD3-437C-A997-6DEA5FDB4A56}.Release|x86.ActiveCfg = Release|Win32
		{E337246E-BDD3-437C-A997-6DEA5FDB4A56}.Release|x86.Build.0 = Release|Win32
	EndGlobalSection
	GlobalSection(SolutionProperties) = preSolution
		HideSolutionNode = FALSE
	EndGlobalSection
EndGlobal
